<Solution>
  <Folder Name="/samples/">
    <Project Path="samples/Retro.TUI.Sample.Basic/Retro.TUI.Sample.Basic.csproj" />
  </Folder>
  <Folder Name="/src/">
    <Project Path="src/Retro.TUI.Core/Retro.TUI.Core.csproj" />
    <Project Path="src/Retro.TUI.Events/Retro.TUI.Events.csproj" />
    <Project Path="src/Retro.TUI.Hosting/Retro.TUI.Hosting.csproj" />
    <Project Path="src/Retro.TUI.Rendering/Retro.TUI.Rendering.csproj" />
    <Project Path="src/Retro.TUI.Theming/Retro.TUI.Theming.csproj" />
    <Project Path="src/Retro.TUI.Views/Retro.TUI.Views.csproj" />
    <Project Path="src/Retro.TUI.Widgets/Retro.TUI.Widgets.csproj" />
    <Project Path="src/Retro.TUI.Windows/Retro.TUI.Windows.csproj" />
  </Folder>
  <Folder Name="/tests/">
    <Project Path="tests/Retro.TUI.Core.Tests/Retro.TUI.Core.Tests.csproj" />
    <Project Path="tests/Retro.TUI.Events.Tests/Retro.TUI.Events.Tests.csproj" />
    <Project Path="tests/Retro.TUI.Hosting.Tests/Retro.TUI.Hosting.Tests.csproj" />
    <Project Path="tests/Retro.TUI.Rendering.Tests/Retro.TUI.Rendering.Tests.csproj" />
    <Project Path="tests/Retro.TUI.Theming.Tests/Retro.TUI.Theming.Tests.csproj" />
    <Project Path="tests/Retro.TUI.Views.Tests/Retro.TUI.Views.Tests.csproj" />
    <Project Path="tests/Retro.TUI.Widgets.Tests/Retro.TUI.Widgets.Tests.csproj" />
    <Project Path="tests/Retro.TUI.Windows.Tests/Retro.TUI.Windows.Tests.csproj" />
  </Folder>
</Solution>
